// !$*UTF8*$!
{
	archiveVersion = 1;
	classes = {
	};
	objectVersion = 56;
	objects = {

/* Begin PBXBuildFile section */
		142D6D252C7C7C480006C22D /* FilterView.swift in Sources */ = {isa = PBXBuildFile; fileRef = 142D6D242C7C7C480006C22D /* FilterView.swift */; };
		142D6D272C7DD19A0006C22D /* TaskListRouter.swift in Sources */ = {isa = PBXBuildFile; fileRef = 142D6D262C7DD19A0006C22D /* TaskListRouter.swift */; };
		142D6D2A2C7DD6110006C22D /* EditTaskViewController.swift in Sources */ = {isa = PBXBuildFile; fileRef = 142D6D292C7DD6110006C22D /* EditTaskViewController.swift */; };
		142D6D2C2C7DD6D40006C22D /* EditTaskPresenter.swift in Sources */ = {isa = PBXBuildFile; fileRef = 142D6D2B2C7DD6D40006C22D /* EditTaskPresenter.swift */; };
		142D6D2E2C7DD6E00006C22D /* EditTaskInteractor.swift in Sources */ = {isa = PBXBuildFile; fileRef = 142D6D2D2C7DD6E00006C22D /* EditTaskInteractor.swift */; };
		142D6D302C7DD6EE0006C22D /* EditTaskBuilder.swift in Sources */ = {isa = PBXBuildFile; fileRef = 142D6D2F2C7DD6EE0006C22D /* EditTaskBuilder.swift */; };
		142D6D322C7E19420006C22D /* CoreDataService.swift in Sources */ = {isa = PBXBuildFile; fileRef = 142D6D312C7E19420006C22D /* CoreDataService.swift */; };
		142D6D442C7E58B60006C22D /* UIView+Extension.swift in Sources */ = {isa = PBXBuildFile; fileRef = 142D6D432C7E58B60006C22D /* UIView+Extension.swift */; };
		142D6D472C7F0D4F0006C22D /* EditTextField.swift in Sources */ = {isa = PBXBuildFile; fileRef = 142D6D462C7F0D4F0006C22D /* EditTextField.swift */; };
		142D6D492C7F21AD0006C22D /* NewTaskViewController.swift in Sources */ = {isa = PBXBuildFile; fileRef = 142D6D482C7F21AD0006C22D /* NewTaskViewController.swift */; };
		142D6D4B2C7F21BA0006C22D /* NewTaskPresenter.swift in Sources */ = {isa = PBXBuildFile; fileRef = 142D6D4A2C7F21BA0006C22D /* NewTaskPresenter.swift */; };
		142D6D4D2C7F21D80006C22D /* NewTaskInteractor.swift in Sources */ = {isa = PBXBuildFile; fileRef = 142D6D4C2C7F21D80006C22D /* NewTaskInteractor.swift */; };
		142D6D4F2C7F21E30006C22D /* NewTaskBuilder.swift in Sources */ = {isa = PBXBuildFile; fileRef = 142D6D4E2C7F21E30006C22D /* NewTaskBuilder.swift */; };
		142D6D552C7F578D0006C22D /* TaskReusableView.swift in Sources */ = {isa = PBXBuildFile; fileRef = 142D6D542C7F578D0006C22D /* TaskReusableView.swift */; };
		142D6D582C81FCBD0006C22D /* CoreDataStack.swift in Sources */ = {isa = PBXBuildFile; fileRef = 142D6D572C81FCBD0006C22D /* CoreDataStack.swift */; };
		142D6D5A2C824D420006C22D /* CoreDataEntity.swift in Sources */ = {isa = PBXBuildFile; fileRef = 142D6D592C824D420006C22D /* CoreDataEntity.swift */; };
		145415B82C7B550B00566E49 /* AppDelegate.swift in Sources */ = {isa = PBXBuildFile; fileRef = 145415B72C7B550B00566E49 /* AppDelegate.swift */; };
		145415BA2C7B550B00566E49 /* SceneDelegate.swift in Sources */ = {isa = PBXBuildFile; fileRef = 145415B92C7B550B00566E49 /* SceneDelegate.swift */; };
		145415C22C7B550B00566E49 /* ToDoApp.xcdatamodeld in Sources */ = {isa = PBXBuildFile; fileRef = 145415C02C7B550B00566E49 /* ToDoApp.xcdatamodeld */; };
		145415C42C7B550C00566E49 /* Assets.xcassets in Resources */ = {isa = PBXBuildFile; fileRef = 145415C32C7B550C00566E49 /* Assets.xcassets */; };
		145415D62C7B55AC00566E49 /* APIService.swift in Sources */ = {isa = PBXBuildFile; fileRef = 145415D52C7B55AC00566E49 /* APIService.swift */; };
		145415DA2C7B55E900566E49 /* TaskListViewController.swift in Sources */ = {isa = PBXBuildFile; fileRef = 145415D92C7B55E900566E49 /* TaskListViewController.swift */; };
		145415DC2C7B562400566E49 /* TaskListPresenter.swift in Sources */ = {isa = PBXBuildFile; fileRef = 145415DB2C7B562400566E49 /* TaskListPresenter.swift */; };
		145415DE2C7B563B00566E49 /* TaskListInteractor.swift in Sources */ = {isa = PBXBuildFile; fileRef = 145415DD2C7B563B00566E49 /* TaskListInteractor.swift */; };
		145415E32C7B567200566E49 /* TaskListBuilder.swift in Sources */ = {isa = PBXBuildFile; fileRef = 145415E22C7B567200566E49 /* TaskListBuilder.swift */; };
		145415E52C7B56A400566E49 /* TaskModel.swift in Sources */ = {isa = PBXBuildFile; fileRef = 145415E42C7B56A400566E49 /* TaskModel.swift */; };
		145415E72C7B56FD00566E49 /* TaskCell.swift in Sources */ = {isa = PBXBuildFile; fileRef = 145415E62C7B56FD00566E49 /* TaskCell.swift */; };
		3EF03C1063779E6568A158E4 /* Pods_ToDoApp.framework in Frameworks */ = {isa = PBXBuildFile; fileRef = 7DAA89BDABED36CB51DC9FFC /* Pods_ToDoApp.framework */; };
/* End PBXBuildFile section */

/* Begin PBXFileReference section */
		02F81DE9119AEC9267E5E8B0 /* Pods-ToDoApp.debug.xcconfig */ = {isa = PBXFileReference; includeInIndex = 1; lastKnownFileType = text.xcconfig; name = "Pods-ToDoApp.debug.xcconfig"; path = "Target Support Files/Pods-ToDoApp/Pods-ToDoApp.debug.xcconfig"; sourceTree = "<group>"; };
		142D6D242C7C7C480006C22D /* FilterView.swift */ = {isa = PBXFileReference; lastKnownFileType = sourcecode.swift; path = FilterView.swift; sourceTree = "<group>"; };
		142D6D262C7DD19A0006C22D /* TaskListRouter.swift */ = {isa = PBXFileReference; lastKnownFileType = sourcecode.swift; path = TaskListRouter.swift; sourceTree = "<group>"; };
		142D6D292C7DD6110006C22D /* EditTaskViewController.swift */ = {isa = PBXFileReference; lastKnownFileType = sourcecode.swift; path = EditTaskViewController.swift; sourceTree = "<group>"; };
		142D6D2B2C7DD6D40006C22D /* EditTaskPresenter.swift */ = {isa = PBXFileReference; lastKnownFileType = sourcecode.swift; path = EditTaskPresenter.swift; sourceTree = "<group>"; };
		142D6D2D2C7DD6E00006C22D /* EditTaskInteractor.swift */ = {isa = PBXFileReference; lastKnownFileType = sourcecode.swift; path = EditTaskInteractor.swift; sourceTree = "<group>"; };
		142D6D2F2C7DD6EE0006C22D /* EditTaskBuilder.swift */ = {isa = PBXFileReference; lastKnownFileType = sourcecode.swift; path = EditTaskBuilder.swift; sourceTree = "<group>"; };
		142D6D312C7E19420006C22D /* CoreDataService.swift */ = {isa = PBXFileReference; lastKnownFileType = sourcecode.swift; path = CoreDataService.swift; sourceTree = "<group>"; };
		142D6D432C7E58B60006C22D /* UIView+Extension.swift */ = {isa = PBXFileReference; lastKnownFileType = sourcecode.swift; path = "UIView+Extension.swift"; sourceTree = "<group>"; };
		142D6D462C7F0D4F0006C22D /* EditTextField.swift */ = {isa = PBXFileReference; lastKnownFileType = sourcecode.swift; path = EditTextField.swift; sourceTree = "<group>"; };
		142D6D482C7F21AD0006C22D /* NewTaskViewController.swift */ = {isa = PBXFileReference; lastKnownFileType = sourcecode.swift; path = NewTaskViewController.swift; sourceTree = "<group>"; };
		142D6D4A2C7F21BA0006C22D /* NewTaskPresenter.swift */ = {isa = PBXFileReference; lastKnownFileType = sourcecode.swift; path = NewTaskPresenter.swift; sourceTree = "<group>"; };
		142D6D4C2C7F21D80006C22D /* NewTaskInteractor.swift */ = {isa = PBXFileReference; lastKnownFileType = sourcecode.swift; path = NewTaskInteractor.swift; sourceTree = "<group>"; };
		142D6D4E2C7F21E30006C22D /* NewTaskBuilder.swift */ = {isa = PBXFileReference; lastKnownFileType = sourcecode.swift; path = NewTaskBuilder.swift; sourceTree = "<group>"; };
		142D6D542C7F578D0006C22D /* TaskReusableView.swift */ = {isa = PBXFileReference; lastKnownFileType = sourcecode.swift; path = TaskReusableView.swift; sourceTree = "<group>"; };
		142D6D572C81FCBD0006C22D /* CoreDataStack.swift */ = {isa = PBXFileReference; lastKnownFileType = sourcecode.swift; path = CoreDataStack.swift; sourceTree = "<group>"; };
		142D6D592C824D420006C22D /* CoreDataEntity.swift */ = {isa = PBXFileReference; lastKnownFileType = sourcecode.swift; path = CoreDataEntity.swift; sourceTree = "<group>"; };
		145415B42C7B550B00566E49 /* ToDoApp.app */ = {isa = PBXFileReference; explicitFileType = wrapper.application; includeInIndex = 0; path = ToDoApp.app; sourceTree = BUILT_PRODUCTS_DIR; };
		145415B72C7B550B00566E49 /* AppDelegate.swift */ = {isa = PBXFileReference; lastKnownFileType = sourcecode.swift; path = AppDelegate.swift; sourceTree = "<group>"; };
		145415B92C7B550B00566E49 /* SceneDelegate.swift */ = {isa = PBXFileReference; lastKnownFileType = sourcecode.swift; path = SceneDelegate.swift; sourceTree = "<group>"; };
		145415C12C7B550B00566E49 /* ToDoApp.xcdatamodel */ = {isa = PBXFileReference; lastKnownFileType = wrapper.xcdatamodel; path = ToDoApp.xcdatamodel; sourceTree = "<group>"; };
		145415C32C7B550C00566E49 /* Assets.xcassets */ = {isa = PBXFileReference; lastKnownFileType = folder.assetcatalog; path = Assets.xcassets; sourceTree = "<group>"; };
		145415C82C7B550C00566E49 /* Info.plist */ = {isa = PBXFileReference; lastKnownFileType = text.plist.xml; path = Info.plist; sourceTree = "<group>"; };
		145415D52C7B55AC00566E49 /* APIService.swift */ = {isa = PBXFileReference; lastKnownFileType = sourcecode.swift; path = APIService.swift; sourceTree = "<group>"; };
		145415D92C7B55E900566E49 /* TaskListViewController.swift */ = {isa = PBXFileReference; lastKnownFileType = sourcecode.swift; path = TaskListViewController.swift; sourceTree = "<group>"; };
		145415DB2C7B562400566E49 /* TaskListPresenter.swift */ = {isa = PBXFileReference; lastKnownFileType = sourcecode.swift; path = TaskListPresenter.swift; sourceTree = "<group>"; };
		145415DD2C7B563B00566E49 /* TaskListInteractor.swift */ = {isa = PBXFileReference; lastKnownFileType = sourcecode.swift; path = TaskListInteractor.swift; sourceTree = "<group>"; };
		145415E22C7B567200566E49 /* TaskListBuilder.swift */ = {isa = PBXFileReference; lastKnownFileType = sourcecode.swift; path = TaskListBuilder.swift; sourceTree = "<group>"; };
		145415E42C7B56A400566E49 /* TaskModel.swift */ = {isa = PBXFileReference; lastKnownFileType = sourcecode.swift; path = TaskModel.swift; sourceTree = "<group>"; };
		145415E62C7B56FD00566E49 /* TaskCell.swift */ = {isa = PBXFileReference; lastKnownFileType = sourcecode.swift; path = TaskCell.swift; sourceTree = "<group>"; };
		7DAA89BDABED36CB51DC9FFC /* Pods_ToDoApp.framework */ = {isa = PBXFileReference; explicitFileType = wrapper.framework; includeInIndex = 0; path = Pods_ToDoApp.framework; sourceTree = BUILT_PRODUCTS_DIR; };
		DE525E6786A54716C72387D2 /* Pods-ToDoApp.release.xcconfig */ = {isa = PBXFileReference; includeInIndex = 1; lastKnownFileType = text.xcconfig; name = "Pods-ToDoApp.release.xcconfig"; path = "Target Support Files/Pods-ToDoApp/Pods-ToDoApp.release.xcconfig"; sourceTree = "<group>"; };
/* End PBXFileReference section */

/* Begin PBXFrameworksBuildPhase section */
		145415B12C7B550B00566E49 /* Frameworks */ = {
			isa = PBXFrameworksBuildPhase;
			buildActionMask = 2147483647;
			files = (
				3EF03C1063779E6568A158E4 /* Pods_ToDoApp.framework in Frameworks */,
			);
			runOnlyForDeploymentPostprocessing = 0;
		};
/* End PBXFrameworksBuildPhase section */

/* Begin PBXGroup section */
		142D6D282C7DD5F50006C22D /* EditTaskScreen */ = {
			isa = PBXGroup;
			children = (
				142D6D292C7DD6110006C22D /* EditTaskViewController.swift */,
				142D6D2B2C7DD6D40006C22D /* EditTaskPresenter.swift */,
				142D6D2D2C7DD6E00006C22D /* EditTaskInteractor.swift */,
				142D6D2F2C7DD6EE0006C22D /* EditTaskBuilder.swift */,
			);
			path = EditTaskScreen;
			sourceTree = "<group>";
		};
		142D6D332C7E23770006C22D /* CoreData */ = {
			isa = PBXGroup;
			children = (
			);
			path = CoreData;
			sourceTree = "<group>";
		};
		142D6D422C7E589B0006C22D /* Extensions */ = {
			isa = PBXGroup;
			children = (
				142D6D432C7E58B60006C22D /* UIView+Extension.swift */,
			);
			path = Extensions;
			sourceTree = "<group>";
		};
		142D6D562C81C4FA0006C22D /* Views */ = {
			isa = PBXGroup;
			children = (
				142D6D542C7F578D0006C22D /* TaskReusableView.swift */,
				142D6D462C7F0D4F0006C22D /* EditTextField.swift */,
			);
			path = Views;
			sourceTree = "<group>";
		};
		145415AB2C7B550B00566E49 = {
			isa = PBXGroup;
			children = (
				145415B62C7B550B00566E49 /* ToDoApp */,
				145415B52C7B550B00566E49 /* Products */,
				B6A5B2045D0A70BB353FF2E7 /* Pods */,
				1995331AE517C7D35187C9D6 /* Frameworks */,
			);
			sourceTree = "<group>";
		};
		145415B52C7B550B00566E49 /* Products */ = {
			isa = PBXGroup;
			children = (
				145415B42C7B550B00566E49 /* ToDoApp.app */,
			);
			name = Products;
			sourceTree = "<group>";
		};
		145415B62C7B550B00566E49 /* ToDoApp */ = {
			isa = PBXGroup;
			children = (
				145415CE2C7B553F00566E49 /* Resources */,
				145415CF2C7B554600566E49 /* Sources */,
				145415C82C7B550C00566E49 /* Info.plist */,
				145415C02C7B550B00566E49 /* ToDoApp.xcdatamodeld */,
			);
			path = ToDoApp;
			sourceTree = "<group>";
		};
		145415CE2C7B553F00566E49 /* Resources */ = {
			isa = PBXGroup;
			children = (
				142D6D422C7E589B0006C22D /* Extensions */,
				142D6D332C7E23770006C22D /* CoreData */,
				145415D42C7B559E00566E49 /* Services */,
				145415D12C7B556200566E49 /* Lifecycle */,
				145415D02C7B555200566E49 /* Scenes */,
			);
			path = Resources;
			sourceTree = "<group>";
		};
		145415CF2C7B554600566E49 /* Sources */ = {
			isa = PBXGroup;
			children = (
				145415C32C7B550C00566E49 /* Assets.xcassets */,
			);
			path = Sources;
			sourceTree = "<group>";
		};
		145415D02C7B555200566E49 /* Scenes */ = {
			isa = PBXGroup;
			children = (
				142D6D562C81C4FA0006C22D /* Views */,
				142D6D282C7DD5F50006C22D /* EditTaskScreen */,
				145415D32C7B558F00566E49 /* TaskListScreen */,
				145415D22C7B557D00566E49 /* NewTaskScreen */,
			);
			path = Scenes;
			sourceTree = "<group>";
		};
		145415D12C7B556200566E49 /* Lifecycle */ = {
			isa = PBXGroup;
			children = (
				145415B92C7B550B00566E49 /* SceneDelegate.swift */,
				145415B72C7B550B00566E49 /* AppDelegate.swift */,
			);
			path = Lifecycle;
			sourceTree = "<group>";
		};
		145415D22C7B557D00566E49 /* NewTaskScreen */ = {
			isa = PBXGroup;
			children = (
				142D6D482C7F21AD0006C22D /* NewTaskViewController.swift */,
				142D6D4A2C7F21BA0006C22D /* NewTaskPresenter.swift */,
				142D6D4C2C7F21D80006C22D /* NewTaskInteractor.swift */,
				142D6D4E2C7F21E30006C22D /* NewTaskBuilder.swift */,
			);
			path = NewTaskScreen;
			sourceTree = "<group>";
		};
		145415D32C7B558F00566E49 /* TaskListScreen */ = {
			isa = PBXGroup;
			children = (
				145415D72C7B55C700566E49 /* Views */,
				145415DB2C7B562400566E49 /* TaskListPresenter.swift */,
				145415DD2C7B563B00566E49 /* TaskListInteractor.swift */,
				145415E22C7B567200566E49 /* TaskListBuilder.swift */,
				145415E42C7B56A400566E49 /* TaskModel.swift */,
				142D6D262C7DD19A0006C22D /* TaskListRouter.swift */,
			);
			path = TaskListScreen;
			sourceTree = "<group>";
		};
		145415D42C7B559E00566E49 /* Services */ = {
			isa = PBXGroup;
			children = (
				145415D52C7B55AC00566E49 /* APIService.swift */,
				142D6D312C7E19420006C22D /* CoreDataService.swift */,
				142D6D572C81FCBD0006C22D /* CoreDataStack.swift */,
				142D6D592C824D420006C22D /* CoreDataEntity.swift */,
			);
			path = Services;
			sourceTree = "<group>";
		};
		145415D72C7B55C700566E49 /* Views */ = {
			isa = PBXGroup;
			children = (
				145415D92C7B55E900566E49 /* TaskListViewController.swift */,
				145415E62C7B56FD00566E49 /* TaskCell.swift */,
				142D6D242C7C7C480006C22D /* FilterView.swift */,
			);
			path = Views;
			sourceTree = "<group>";
		};
		1995331AE517C7D35187C9D6 /* Frameworks */ = {
			isa = PBXGroup;
			children = (
				7DAA89BDABED36CB51DC9FFC /* Pods_ToDoApp.framework */,
			);
			name = Frameworks;
			sourceTree = "<group>";
		};
		B6A5B2045D0A70BB353FF2E7 /* Pods */ = {
			isa = PBXGroup;
			children = (
				02F81DE9119AEC9267E5E8B0 /* Pods-ToDoApp.debug.xcconfig */,
				DE525E6786A54716C72387D2 /* Pods-ToDoApp.release.xcconfig */,
			);
			path = Pods;
			sourceTree = "<group>";
		};
/* End PBXGroup section */

/* Begin PBXNativeTarget section */
		145415B32C7B550B00566E49 /* ToDoApp */ = {
			isa = PBXNativeTarget;
			buildConfigurationList = 145415CB2C7B550C00566E49 /* Build configuration list for PBXNativeTarget "ToDoApp" */;
			buildPhases = (
				7D5785152F86A845E4815BDE /* [CP] Check Pods Manifest.lock */,
				145415B02C7B550B00566E49 /* Sources */,
				145415B12C7B550B00566E49 /* Frameworks */,
				145415B22C7B550B00566E49 /* Resources */,
				ABE459A18C70F2B83766B0CB /* [CP] Embed Pods Frameworks */,
			);
			buildRules = (
			);
			dependencies = (
			);
			name = ToDoApp;
			productName = ToDoApp;
			productReference = 145415B42C7B550B00566E49 /* ToDoApp.app */;
			productType = "com.apple.product-type.application";
		};
/* End PBXNativeTarget section */

/* Begin PBXProject section */
		145415AC2C7B550B00566E49 /* Project object */ = {
			isa = PBXProject;
			attributes = {
				BuildIndependentTargetsInParallel = 1;
				LastSwiftUpdateCheck = 1530;
				LastUpgradeCheck = 1530;
				TargetAttributes = {
					145415B32C7B550B00566E49 = {
						CreatedOnToolsVersion = 15.3;
					};
				};
			};
			buildConfigurationList = 145415AF2C7B550B00566E49 /* Build configuration list for PBXProject "ToDoApp" */;
			compatibilityVersion = "Xcode 14.0";
			developmentRegion = en;
			hasScannedForEncodings = 0;
			knownRegions = (
				en,
				Base,
			);
			mainGroup = 145415AB2C7B550B00566E49;
			productRefGroup = 145415B52C7B550B00566E49 /* Products */;
			projectDirPath = "";
			projectRoot = "";
			targets = (
				145415B32C7B550B00566E49 /* ToDoApp */,
			);
		};
/* End PBXProject section */

/* Begin PBXResourcesBuildPhase section */
		145415B22C7B550B00566E49 /* Resources */ = {
			isa = PBXResourcesBuildPhase;
			buildActionMask = 2147483647;
			files = (
				145415C42C7B550C00566E49 /* Assets.xcassets in Resources */,
			);
			runOnlyForDeploymentPostprocessing = 0;
		};
/* End PBXResourcesBuildPhase section */

/* Begin PBXShellScriptBuildPhase section */
		7D5785152F86A845E4815BDE /* [CP] Check Pods Manifest.lock */ = {
			isa = PBXShellScriptBuildPhase;
			buildActionMask = 2147483647;
			files = (
			);
			inputFileListPaths = (
			);
			inputPaths = (
				"${PODS_PODFILE_DIR_PATH}/Podfile.lock",
				"${PODS_ROOT}/Manifest.lock",
			);
			name = "[CP] Check Pods Manifest.lock";
			outputFileListPaths = (
			);
			outputPaths = (
				"$(DERIVED_FILE_DIR)/Pods-ToDoApp-checkManifestLockResult.txt",
			);
			runOnlyForDeploymentPostprocessing = 0;
			shellPath = /bin/sh;
			shellScript = "diff \"${PODS_PODFILE_DIR_PATH}/Podfile.lock\" \"${PODS_ROOT}/Manifest.lock\" > /dev/null\nif [ $? != 0 ] ; then\n    # print error to STDERR\n    echo \"error: The sandbox is not in sync with the Podfile.lock. Run 'pod install' or update your CocoaPods installation.\" >&2\n    exit 1\nfi\n# This output is used by Xcode 'outputs' to avoid re-running this script phase.\necho \"SUCCESS\" > \"${SCRIPT_OUTPUT_FILE_0}\"\n";
			showEnvVarsInLog = 0;
		};
		ABE459A18C70F2B83766B0CB /* [CP] Embed Pods Frameworks */ = {
			isa = PBXShellScriptBuildPhase;
			buildActionMask = 2147483647;
			files = (
			);
			inputFileListPaths = (
				"${PODS_ROOT}/Target Support Files/Pods-ToDoApp/Pods-ToDoApp-frameworks-${CONFIGURATION}-input-files.xcfilelist",
			);
			name = "[CP] Embed Pods Frameworks";
			outputFileListPaths = (
				"${PODS_ROOT}/Target Support Files/Pods-ToDoApp/Pods-ToDoApp-frameworks-${CONFIGURATION}-output-files.xcfilelist",
			);
			runOnlyForDeploymentPostprocessing = 0;
			shellPath = /bin/sh;
			shellScript = "\"${PODS_ROOT}/Target Support Files/Pods-ToDoApp/Pods-ToDoApp-frameworks.sh\"\n";
			showEnvVarsInLog = 0;
		};
/* End PBXShellScriptBuildPhase section */

/* Begin PBXSourcesBuildPhase section */
		145415B02C7B550B00566E49 /* Sources */ = {
			isa = PBXSourcesBuildPhase;
			buildActionMask = 2147483647;
			files = (
				142D6D322C7E19420006C22D /* CoreDataService.swift in Sources */,
				142D6D492C7F21AD0006C22D /* NewTaskViewController.swift in Sources */,
				142D6D472C7F0D4F0006C22D /* EditTextField.swift in Sources */,
				142D6D4F2C7F21E30006C22D /* NewTaskBuilder.swift in Sources */,
				142D6D302C7DD6EE0006C22D /* EditTaskBuilder.swift in Sources */,
				145415B82C7B550B00566E49 /* AppDelegate.swift in Sources */,
				142D6D4D2C7F21D80006C22D /* NewTaskInteractor.swift in Sources */,
				142D6D582C81FCBD0006C22D /* CoreDataStack.swift in Sources */,
				145415BA2C7B550B00566E49 /* SceneDelegate.swift in Sources */,
				142D6D5A2C824D420006C22D /* CoreDataEntity.swift in Sources */,
				145415D62C7B55AC00566E49 /* APIService.swift in Sources */,
				142D6D2C2C7DD6D40006C22D /* EditTaskPresenter.swift in Sources */,
				145415E52C7B56A400566E49 /* TaskModel.swift in Sources */,
				142D6D2E2C7DD6E00006C22D /* EditTaskInteractor.swift in Sources */,
				142D6D252C7C7C480006C22D /* FilterView.swift in Sources */,
				142D6D272C7DD19A0006C22D /* TaskListRouter.swift in Sources */,
				145415E72C7B56FD00566E49 /* TaskCell.swift in Sources */,
				142D6D442C7E58B60006C22D /* UIView+Extension.swift in Sources */,
				145415C22C7B550B00566E49 /* ToDoApp.xcdatamodeld in Sources */,
				142D6D2A2C7DD6110006C22D /* EditTaskViewController.swift in Sources */,
				145415DA2C7B55E900566E49 /* TaskListViewController.swift in Sources */,
				142D6D552C7F578D0006C22D /* TaskReusableView.swift in Sources */,
				142D6D4B2C7F21BA0006C22D /* NewTaskPresenter.swift in Sources */,
				145415DC2C7B562400566E49 /* TaskListPresenter.swift in Sources */,
				145415E32C7B567200566E49 /* TaskListBuilder.swift in Sources */,
				145415DE2C7B563B00566E49 /* TaskListInteractor.swift in Sources */,
			);
			runOnlyForDeploymentPostprocessing = 0;
		};
/* End PBXSourcesBuildPhase section */

/* Begin XCBuildConfiguration section */
		145415C92C7B550C00566E49 /* Debug */ = {
			isa = XCBuildConfiguration;
			buildSettings = {
				ALWAYS_SEARCH_USER_PATHS = NO;
				ASSETCATALOG_COMPILER_GENERATE_SWIFT_ASSET_SYMBOL_EXTENSIONS = YES;
				CLANG_ANALYZER_NONNULL = YES;
				CLANG_ANALYZER_NUMBER_OBJECT_CONVERSION = YES_AGGRESSIVE;
				CLANG_CXX_LANGUAGE_STANDARD = "gnu++20";
				CLANG_ENABLE_MODULES = YES;
				CLANG_ENABLE_OBJC_ARC = YES;
				CLANG_ENABLE_OBJC_WEAK = YES;
				CLANG_WARN_BLOCK_CAPTURE_AUTORELEASING = YES;
				CLANG_WARN_BOOL_CONVERSION = YES;
				CLANG_WARN_COMMA = YES;
				CLANG_WARN_CONSTANT_CONVERSION = YES;
				CLANG_WARN_DEPRECATED_OBJC_IMPLEMENTATIONS = YES;
				CLANG_WARN_DIRECT_OBJC_ISA_USAGE = YES_ERROR;
				CLANG_WARN_DOCUMENTATION_COMMENTS = YES;
				CLANG_WARN_EMPTY_BODY = YES;
				CLANG_WARN_ENUM_CONVERSION = YES;
				CLANG_WARN_INFINITE_RECURSION = YES;
				CLANG_WARN_INT_CONVERSION = YES;
				CLANG_WARN_NON_LITERAL_NULL_CONVERSION = YES;
				CLANG_WARN_OBJC_IMPLICIT_RETAIN_SELF = YES;
				CLANG_WARN_OBJC_LITERAL_CONVERSION = YES;
				CLANG_WARN_OBJC_ROOT_CLASS = YES_ERROR;
				CLANG_WARN_QUOTED_INCLUDE_IN_FRAMEWORK_HEADER = YES;
				CLANG_WARN_RANGE_LOOP_ANALYSIS = YES;
				CLANG_WARN_STRICT_PROTOTYPES = YES;
				CLANG_WARN_SUSPICIOUS_MOVE = YES;
				CLANG_WARN_UNGUARDED_AVAILABILITY = YES_AGGRESSIVE;
				CLANG_WARN_UNREACHABLE_CODE = YES;
				CLANG_WARN__DUPLICATE_METHOD_MATCH = YES;
				COPY_PHASE_STRIP = NO;
				DEBUG_INFORMATION_FORMAT = dwarf;
				ENABLE_STRICT_OBJC_MSGSEND = YES;
				ENABLE_TESTABILITY = YES;
				ENABLE_USER_SCRIPT_SANDBOXING = YES;
				GCC_C_LANGUAGE_STANDARD = gnu17;
				GCC_DYNAMIC_NO_PIC = NO;
				GCC_NO_COMMON_BLOCKS = YES;
				GCC_OPTIMIZATION_LEVEL = 0;
				GCC_PREPROCESSOR_DEFINITIONS = (
					"DEBUG=1",
					"$(inherited)",
				);
				GCC_WARN_64_TO_32_BIT_CONVERSION = YES;
				GCC_WARN_ABOUT_RETURN_TYPE = YES_ERROR;
				GCC_WARN_UNDECLARED_SELECTOR = YES;
				GCC_WARN_UNINITIALIZED_AUTOS = YES_AGGRESSIVE;
				GCC_WARN_UNUSED_FUNCTION = YES;
				GCC_WARN_UNUSED_VARIABLE = YES;
				IPHONEOS_DEPLOYMENT_TARGET = 17.4;
				LOCALIZATION_PREFERS_STRING_CATALOGS = YES;
				MTL_ENABLE_DEBUG_INFO = INCLUDE_SOURCE;
				MTL_FAST_MATH = YES;
				ONLY_ACTIVE_ARCH = YES;
				SDKROOT = iphoneos;
				SWIFT_ACTIVE_COMPILATION_CONDITIONS = "DEBUG $(inherited)";
				SWIFT_OPTIMIZATION_LEVEL = "-Onone";
			};
			name = Debug;
		};
		145415CA2C7B550C00566E49 /* Release */ = {
			isa = XCBuildConfiguration;
			buildSettings = {
				ALWAYS_SEARCH_USER_PATHS = NO;
				ASSETCATALOG_COMPILER_GENERATE_SWIFT_ASSET_SYMBOL_EXTENSIONS = YES;
				CLANG_ANALYZER_NONNULL = YES;
				CLANG_ANALYZER_NUMBER_OBJECT_CONVERSION = YES_AGGRESSIVE;
				CLANG_CXX_LANGUAGE_STANDARD = "gnu++20";
				CLANG_ENABLE_MODULES = YES;
				CLANG_ENABLE_OBJC_ARC = YES;
				CLANG_ENABLE_OBJC_WEAK = YES;
				CLANG_WARN_BLOCK_CAPTURE_AUTORELEASING = YES;
				CLANG_WARN_BOOL_CONVERSION = YES;
				CLANG_WARN_COMMA = YES;
				CLANG_WARN_CONSTANT_CONVERSION = YES;
				CLANG_WARN_DEPRECATED_OBJC_IMPLEMENTATIONS = YES;
				CLANG_WARN_DIRECT_OBJC_ISA_USAGE = YES_ERROR;
				CLANG_WARN_DOCUMENTATION_COMMENTS = YES;
				CLANG_WARN_EMPTY_BODY = YES;
				CLANG_WARN_ENUM_CONVERSION = YES;
				CLANG_WARN_INFINITE_RECURSION = YES;
				CLANG_WARN_INT_CONVERSION = YES;
				CLANG_WARN_NON_LITERAL_NULL_CONVERSION = YES;
				CLANG_WARN_OBJC_IMPLICIT_RETAIN_SELF = YES;
				CLANG_WARN_OBJC_LITERAL_CONVERSION = YES;
				CLANG_WARN_OBJC_ROOT_CLASS = YES_ERROR;
				CLANG_WARN_QUOTED_INCLUDE_IN_FRAMEWORK_HEADER = YES;
				CLANG_WARN_RANGE_LOOP_ANALYSIS = YES;
				CLANG_WARN_STRICT_PROTOTYPES = YES;
				CLANG_WARN_SUSPICIOUS_MOVE = YES;
				CLANG_WARN_UNGUARDED_AVAILABILITY = YES_AGGRESSIVE;
				CLANG_WARN_UNREACHABLE_CODE = YES;
				CLANG_WARN__DUPLICATE_METHOD_MATCH = YES;
				COPY_PHASE_STRIP = NO;
				DEBUG_INFORMATION_FORMAT = "dwarf-with-dsym";
				ENABLE_NS_ASSERTIONS = NO;
				ENABLE_STRICT_OBJC_MSGSEND = YES;
				ENABLE_USER_SCRIPT_SANDBOXING = YES;
				GCC_C_LANGUAGE_STANDARD = gnu17;
				GCC_NO_COMMON_BLOCKS = YES;
				GCC_WARN_64_TO_32_BIT_CONVERSION = YES;
				GCC_WARN_ABOUT_RETURN_TYPE = YES_ERROR;
				GCC_WARN_UNDECLARED_SELECTOR = YES;
				GCC_WARN_UNINITIALIZED_AUTOS = YES_AGGRESSIVE;
				GCC_WARN_UNUSED_FUNCTION = YES;
				GCC_WARN_UNUSED_VARIABLE = YES;
				IPHONEOS_DEPLOYMENT_TARGET = 17.4;
				LOCALIZATION_PREFERS_STRING_CATALOGS = YES;
				MTL_ENABLE_DEBUG_INFO = NO;
				MTL_FAST_MATH = YES;
				SDKROOT = iphoneos;
				SWIFT_COMPILATION_MODE = wholemodule;
				VALIDATE_PRODUCT = YES;
			};
			name = Release;
		};
		145415CC2C7B550C00566E49 /* Debug */ = {
			isa = XCBuildConfiguration;
			baseConfigurationReference = 02F81DE9119AEC9267E5E8B0 /* Pods-ToDoApp.debug.xcconfig */;
			buildSettings = {
				ASSETCATALOG_COMPILER_APPICON_NAME = AppIcon;
				ASSETCATALOG_COMPILER_GLOBAL_ACCENT_COLOR_NAME = AccentColor;
				CODE_SIGN_STYLE = Automatic;
				CURRENT_PROJECT_VERSION = 1;
				DEVELOPMENT_TEAM = 9K3XU9A2YK;
				ENABLE_USER_SCRIPT_SANDBOXING = NO;
				GENERATE_INFOPLIST_FILE = YES;
				INFOPLIST_FILE = ToDoApp/Info.plist;
				INFOPLIST_KEY_UIApplicationSupportsIndirectInputEvents = YES;
				INFOPLIST_KEY_UILaunchStoryboardName = LaunchScreen;
				INFOPLIST_KEY_UISupportedInterfaceOrientations_iPad = "UIInterfaceOrientationPortrait UIInterfaceOrientationPortraitUpsideDown UIInterfaceOrientationLandscapeLeft UIInterfaceOrientationLandscapeRight";
				INFOPLIST_KEY_UISupportedInterfaceOrientations_iPhone = "UIInterfaceOrientationPortrait UIInterfaceOrientationLandscapeLeft UIInterfaceOrientationLandscapeRight";
				LD_RUNPATH_SEARCH_PATHS = (
					"$(inherited)",
					"@executable_path/Frameworks",
				);
				MARKETING_VERSION = 1.0;
				PRODUCT_BUNDLE_IDENTIFIER = akhairullina.ToDoApp;
				PRODUCT_NAME = "$(TARGET_NAME)";
				SWIFT_EMIT_LOC_STRINGS = YES;
				SWIFT_VERSION = 5.0;
				TARGETED_DEVICE_FAMILY = "1,2";
			};
			name = Debug;
		};
		145415CD2C7B550C00566E49 /* Release */ = {
			isa = XCBuildConfiguration;
			baseConfigurationReference = DE525E6786A54716C72387D2 /* Pods-ToDoApp.release.xcconfig */;
			buildSettings = {
				ASSETCATALOG_COMPILER_APPICON_NAME = AppIcon;
				ASSETCATALOG_COMPILER_GLOBAL_ACCENT_COLOR_NAME = AccentColor;
				CODE_SIGN_STYLE = Automatic;
				CURRENT_PROJECT_VERSION = 1;
				DEVELOPMENT_TEAM = 9K3XU9A2YK;
				ENABLE_USER_SCRIPT_SANDBOXING = NO;
				GENERATE_INFOPLIST_FILE = YES;
				INFOPLIST_FILE = ToDoApp/Info.plist;
				INFOPLIST_KEY_UIApplicationSupportsIndirectInputEvents = YES;
				INFOPLIST_KEY_UILaunchStoryboardName = LaunchScreen;
				INFOPLIST_KEY_UISupportedInterfaceOrientations_iPad = "UIInterfaceOrientationPortrait UIInterfaceOrientationPortraitUpsideDown UIInterfaceOrientationLandscapeLeft UIInterfaceOrientationLandscapeRight";
				INFOPLIST_KEY_UISupportedInterfaceOrientations_iPhone = "UIInterfaceOrientationPortrait UIInterfaceOrientationLandscapeLeft UIInterfaceOrientationLandscapeRight";
				LD_RUNPATH_SEARCH_PATHS = (
					"$(inherited)",
					"@executable_path/Frameworks",
				);
				MARKETING_VERSION = 1.0;
				PRODUCT_BUNDLE_IDENTIFIER = akhairullina.ToDoApp;
				PRODUCT_NAME = "$(TARGET_NAME)";
				SWIFT_EMIT_LOC_STRINGS = YES;
				SWIFT_VERSION = 5.0;
				TARGETED_DEVICE_FAMILY = "1,2";
			};
			name = Release;
		};
/* End XCBuildConfiguration section */

/* Begin XCConfigurationList section */
		145415AF2C7B550B00566E49 /* Build configuration list for PBXProject "ToDoApp" */ = {
			isa = XCConfigurationList;
			buildConfigurations = (
				145415C92C7B550C00566E49 /* Debug */,
				145415CA2C7B550C00566E49 /* Release */,
			);
			defaultConfigurationIsVisible = 0;
			defaultConfigurationName = Release;
		};
		145415CB2C7B550C00566E49 /* Build configuration list for PBXNativeTarget "ToDoApp" */ = {
			isa = XCConfigurationList;
			buildConfigurations = (
				145415CC2C7B550C00566E49 /* Debug */,
				145415CD2C7B550C00566E49 /* Release */,
			);
			defaultConfigurationIsVisible = 0;
			defaultConfigurationName = Release;
		};
/* End XCConfigurationList section */

/* Begin XCVersionGroup section */
		145415C02C7B550B00566E49 /* ToDoApp.xcdatamodeld */ = {
			isa = XCVersionGroup;
			children = (
				145415C12C7B550B00566E49 /* ToDoApp.xcdatamodel */,
			);
			currentVersion = 145415C12C7B550B00566E49 /* ToDoApp.xcdatamodel */;
			path = ToDoApp.xcdatamodeld;
			sourceTree = "<group>";
			versionGroupType = wrapper.xcdatamodel;
		};
/* End XCVersionGroup section */
	};
	rootObject = 145415AC2C7B550B00566E49 /* Project object */;
}
